<?xml version="1.0" encoding="UTF-8"?>
<!DOCTYPE plist PUBLIC "-//Apple//DTD PLIST 1.0//EN" "http://www.apple.com/DTDs/PropertyList-1.0.dtd">
<plist version="1.0">
<dict>
	<key>archiveVersion</key>
	<string>1</string>
	<key>classes</key>
	<dict/>
	<key>objectVersion</key>
	<string>46</string>
	<key>objects</key>
	<dict>
		<key>0AD49A1D2378B4BE46A3D3F0</key>
		<dict>
			<key>children</key>
			<array>
				<string>504702BCD389B6250CE9EB5C</string>
				<string>A4197BB2CB62197635E5BC48</string>
			</array>
			<key>isa</key>
			<string>PBXGroup</string>
			<key>name</key>
			<string>Pods</string>
			<key>sourceTree</key>
			<string>&lt;group&gt;</string>
		</dict>
		<key>1E095AA881E62C1A62598943</key>
		<dict>
			<key>buildActionMask</key>
			<string>2147483647</string>
			<key>files</key>
			<array/>
			<key>inputPaths</key>
			<array/>
			<key>isa</key>
			<string>PBXShellScriptBuildPhase</string>
			<key>name</key>
			<string>Check Pods Manifest.lock</string>
			<key>outputPaths</key>
			<array/>
			<key>runOnlyForDeploymentPostprocessing</key>
			<string>0</string>
			<key>shellPath</key>
			<string>/bin/sh</string>
			<key>shellScript</key>
			<string>diff "${PODS_ROOT}/../Podfile.lock" "${PODS_ROOT}/Manifest.lock" &gt; /dev/null
if [[ $? != 0 ]] ; then
    cat &lt;&lt; EOM
error: The sandbox is not in sync with the Podfile.lock. Run 'pod install' or update your CocoaPods installation.
EOM
    exit 1
fi
</string>
			<key>showEnvVarsInLog</key>
			<string>0</string>
		</dict>
		<key>41B1F6761A9B2227004D1063</key>
		<dict>
			<key>children</key>
			<array>
				<string>41B1F6811A9B2227004D1063</string>
				<string>41B1F69B1A9B2228004D1063</string>
				<string>41B1F6801A9B2227004D1063</string>
				<string>0AD49A1D2378B4BE46A3D3F0</string>
				<string>9C0D5EA8FCA5EF5B4EE65DF6</string>
			</array>
			<key>isa</key>
			<string>PBXGroup</string>
			<key>sourceTree</key>
			<string>&lt;group&gt;</string>
		</dict>
		<key>41B1F6771A9B2227004D1063</key>
		<dict>
			<key>attributes</key>
			<dict>
				<key>LastUpgradeCheck</key>
				<string>0610</string>
				<key>ORGANIZATIONNAME</key>
				<string>AnujKosambi</string>
				<key>TargetAttributes</key>
				<dict>
					<key>41B1F67E1A9B2227004D1063</key>
					<dict>
						<key>CreatedOnToolsVersion</key>
						<string>6.1.1</string>
					</dict>
					<key>41B1F6971A9B2228004D1063</key>
					<dict>
						<key>CreatedOnToolsVersion</key>
						<string>6.1.1</string>
						<key>TestTargetID</key>
						<string>41B1F67E1A9B2227004D1063</string>
					</dict>
				</dict>
			</dict>
			<key>buildConfigurationList</key>
			<string>41B1F67A1A9B2227004D1063</string>
			<key>compatibilityVersion</key>
			<string>Xcode 3.2</string>
			<key>developmentRegion</key>
			<string>English</string>
			<key>hasScannedForEncodings</key>
			<string>0</string>
			<key>isa</key>
			<string>PBXProject</string>
			<key>knownRegions</key>
			<array>
				<string>en</string>
				<string>Base</string>
			</array>
			<key>mainGroup</key>
			<string>41B1F6761A9B2227004D1063</string>
			<key>productRefGroup</key>
			<string>41B1F6801A9B2227004D1063</string>
			<key>projectDirPath</key>
			<string></string>
			<key>projectReferences</key>
			<array/>
			<key>projectRoot</key>
			<string></string>
			<key>targets</key>
			<array>
				<string>41B1F67E1A9B2227004D1063</string>
				<string>41B1F6971A9B2228004D1063</string>
			</array>
		</dict>
		<key>41B1F67A1A9B2227004D1063</key>
		<dict>
			<key>buildConfigurations</key>
			<array>
				<string>41B1F6A01A9B2228004D1063</string>
				<string>41B1F6A11A9B2228004D1063</string>
			</array>
			<key>defaultConfigurationIsVisible</key>
			<string>0</string>
			<key>defaultConfigurationName</key>
			<string>Release</string>
			<key>isa</key>
			<string>XCConfigurationList</string>
		</dict>
		<key>41B1F67B1A9B2227004D1063</key>
		<dict>
			<key>buildActionMask</key>
			<string>2147483647</string>
			<key>files</key>
			<array>
				<string>41B1F6B01A9B2360004D1063</string>
				<string>41B1F6AD1A9B22AF004D1063</string>
				<string>41B1F6AA1A9B2268004D1063</string>
				<string>41B1F6881A9B2228004D1063</string>
				<string>41B1F6E21A9C8CB9004D1063</string>
				<string>41B1F6851A9B2228004D1063</string>
				<string>41B1F6B61A9B2995004D1063</string>
			</array>
			<key>isa</key>
			<string>PBXSourcesBuildPhase</string>
			<key>runOnlyForDeploymentPostprocessing</key>
			<string>0</string>
		</dict>
		<key>41B1F67C1A9B2227004D1063</key>
		<dict>
			<key>buildActionMask</key>
			<string>2147483647</string>
			<key>files</key>
			<array/>
			<key>isa</key>
			<string>PBXFrameworksBuildPhase</string>
			<key>runOnlyForDeploymentPostprocessing</key>
			<string>0</string>
		</dict>
		<key>41B1F67D1A9B2227004D1063</key>
		<dict>
			<key>buildActionMask</key>
			<string>2147483647</string>
			<key>files</key>
			<array>
				<string>41B1F6DE1A9B3112004D1063</string>
				<string>41B1F6DF1A9B3112004D1063</string>
				<string>41B1F6D51A9B3112004D1063</string>
				<string>41B1F6D11A9B3112004D1063</string>
				<string>41B1F6CD1A9B3112004D1063</string>
				<string>41B1F6DD1A9B3112004D1063</string>
				<string>41B1F6D01A9B3112004D1063</string>
				<string>41B1F68E1A9B2228004D1063</string>
				<string>41B1F6CF1A9B3112004D1063</string>
				<string>41B1F6DA1A9B3112004D1063</string>
				<string>41B1F6D91A9B3112004D1063</string>
				<string>41B1F6D21A9B3112004D1063</string>
				<string>41B1F6D81A9B3112004D1063</string>
				<string>41B1F6CC1A9B3112004D1063</string>
				<string>41B1F6D31A9B3112004D1063</string>
				<string>41B1F6D61A9B3112004D1063</string>
				<string>41B1F6CE1A9B3112004D1063</string>
				<string>41B1F6DC1A9B3112004D1063</string>
				<string>41B1F6DB1A9B3112004D1063</string>
				<string>41B1F6D41A9B3112004D1063</string>
				<string>41B1F6D71A9B3112004D1063</string>
				<string>41B1F6931A9B2228004D1063</string>
				<string>41B1F6901A9B2228004D1063</string>
			</array>
			<key>isa</key>
			<string>PBXResourcesBuildPhase</string>
			<key>runOnlyForDeploymentPostprocessing</key>
			<string>0</string>
		</dict>
		<key>41B1F67E1A9B2227004D1063</key>
		<dict>
			<key>buildConfigurationList</key>
			<string>41B1F6A21A9B2228004D1063</string>
			<key>buildPhases</key>
			<array>
				<string>41B1F67B1A9B2227004D1063</string>
				<string>41B1F67C1A9B2227004D1063</string>
				<string>41B1F67D1A9B2227004D1063</string>
			</array>
			<key>buildRules</key>
			<array/>
			<key>dependencies</key>
			<array/>
			<key>isa</key>
			<string>PBXNativeTarget</string>
			<key>name</key>
			<string>CollectionViewCircleLayout</string>
			<key>productName</key>
			<string>CollectionViewCircleLayout</string>
			<key>productReference</key>
			<string>41B1F67F1A9B2227004D1063</string>
			<key>productType</key>
			<string>com.apple.product-type.application</string>
		</dict>
		<key>41B1F67F1A9B2227004D1063</key>
		<dict>
			<key>explicitFileType</key>
			<string>wrapper.application</string>
			<key>includeInIndex</key>
			<string>0</string>
			<key>isa</key>
			<string>PBXFileReference</string>
			<key>path</key>
			<string>CollectionViewCircleLayout.app</string>
			<key>sourceTree</key>
			<string>BUILT_PRODUCTS_DIR</string>
		</dict>
		<key>41B1F6801A9B2227004D1063</key>
		<dict>
			<key>children</key>
			<array>
				<string>41B1F67F1A9B2227004D1063</string>
				<string>41B1F6981A9B2228004D1063</string>
			</array>
			<key>isa</key>
			<string>PBXGroup</string>
			<key>name</key>
			<string>Products</string>
			<key>sourceTree</key>
			<string>&lt;group&gt;</string>
		</dict>
		<key>41B1F6811A9B2227004D1063</key>
		<dict>
			<key>children</key>
			<array>
				<string>41B1F6B71A9B30FB004D1063</string>
				<string>41B1F6861A9B2228004D1063</string>
				<string>41B1F6871A9B2228004D1063</string>
				<string>41B1F6B41A9B2995004D1063</string>
				<string>41B1F6B51A9B2995004D1063</string>
				<string>41B1F6AE1A9B2360004D1063</string>
				<string>41B1F6AF1A9B2360004D1063</string>
				<string>41B1F6E01A9C8CB9004D1063</string>
				<string>41B1F6E11A9C8CB9004D1063</string>
				<string>41B1F6AB1A9B22AF004D1063</string>
				<string>41B1F6AC1A9B22AF004D1063</string>
				<string>41B1F6A81A9B2268004D1063</string>
				<string>41B1F6A91A9B2268004D1063</string>
				<string>41B1F68C1A9B2228004D1063</string>
				<string>41B1F68F1A9B2228004D1063</string>
				<string>41B1F6911A9B2228004D1063</string>
				<string>41B1F6821A9B2227004D1063</string>
			</array>
			<key>isa</key>
			<string>PBXGroup</string>
			<key>path</key>
			<string>CollectionViewCircleLayout</string>
			<key>sourceTree</key>
			<string>&lt;group&gt;</string>
		</dict>
		<key>41B1F6821A9B2227004D1063</key>
		<dict>
			<key>children</key>
			<array>
				<string>41B1F6831A9B2228004D1063</string>
				<string>41B1F6841A9B2228004D1063</string>
			</array>
			<key>isa</key>
			<string>PBXGroup</string>
			<key>name</key>
			<string>Supporting Files</string>
			<key>sourceTree</key>
			<string>&lt;group&gt;</string>
		</dict>
		<key>41B1F6831A9B2228004D1063</key>
		<dict>
			<key>isa</key>
			<string>PBXFileReference</string>
			<key>lastKnownFileType</key>
			<string>text.plist.xml</string>
			<key>path</key>
			<string>Info.plist</string>
			<key>sourceTree</key>
			<string>&lt;group&gt;</string>
		</dict>
		<key>41B1F6841A9B2228004D1063</key>
		<dict>
			<key>isa</key>
			<string>PBXFileReference</string>
			<key>lastKnownFileType</key>
			<string>sourcecode.c.objc</string>
			<key>path</key>
			<string>main.m</string>
			<key>sourceTree</key>
			<string>&lt;group&gt;</string>
		</dict>
		<key>41B1F6851A9B2228004D1063</key>
		<dict>
			<key>fileRef</key>
			<string>41B1F6841A9B2228004D1063</string>
			<key>isa</key>
			<string>PBXBuildFile</string>
		</dict>
		<key>41B1F6861A9B2228004D1063</key>
		<dict>
			<key>isa</key>
			<string>PBXFileReference</string>
			<key>lastKnownFileType</key>
			<string>sourcecode.c.h</string>
			<key>path</key>
			<string>AppDelegate.h</string>
			<key>sourceTree</key>
			<string>&lt;group&gt;</string>
		</dict>
		<key>41B1F6871A9B2228004D1063</key>
		<dict>
			<key>isa</key>
			<string>PBXFileReference</string>
			<key>lastKnownFileType</key>
			<string>sourcecode.c.objc</string>
			<key>path</key>
			<string>AppDelegate.m</string>
			<key>sourceTree</key>
			<string>&lt;group&gt;</string>
		</dict>
		<key>41B1F6881A9B2228004D1063</key>
		<dict>
			<key>fileRef</key>
			<string>41B1F6871A9B2228004D1063</string>
			<key>isa</key>
			<string>PBXBuildFile</string>
		</dict>
		<key>41B1F68C1A9B2228004D1063</key>
		<dict>
			<key>children</key>
			<array>
				<string>41B1F68D1A9B2228004D1063</string>
			</array>
			<key>isa</key>
			<string>PBXVariantGroup</string>
			<key>name</key>
			<string>Main.storyboard</string>
			<key>sourceTree</key>
			<string>&lt;group&gt;</string>
		</dict>
		<key>41B1F68D1A9B2228004D1063</key>
		<dict>
			<key>isa</key>
			<string>PBXFileReference</string>
			<key>lastKnownFileType</key>
			<string>file.storyboard</string>
			<key>name</key>
			<string>Base</string>
			<key>path</key>
			<string>Base.lproj/Main.storyboard</string>
			<key>sourceTree</key>
			<string>&lt;group&gt;</string>
		</dict>
		<key>41B1F68E1A9B2228004D1063</key>
		<dict>
			<key>fileRef</key>
			<string>41B1F68C1A9B2228004D1063</string>
			<key>isa</key>
			<string>PBXBuildFile</string>
		</dict>
		<key>41B1F68F1A9B2228004D1063</key>
		<dict>
			<key>isa</key>
			<string>PBXFileReference</string>
			<key>lastKnownFileType</key>
			<string>folder.assetcatalog</string>
			<key>path</key>
			<string>Images.xcassets</string>
			<key>sourceTree</key>
			<string>&lt;group&gt;</string>
		</dict>
		<key>41B1F6901A9B2228004D1063</key>
		<dict>
			<key>fileRef</key>
			<string>41B1F68F1A9B2228004D1063</string>
			<key>isa</key>
			<string>PBXBuildFile</string>
		</dict>
		<key>41B1F6911A9B2228004D1063</key>
		<dict>
			<key>children</key>
			<array>
				<string>41B1F6921A9B2228004D1063</string>
			</array>
			<key>isa</key>
			<string>PBXVariantGroup</string>
			<key>name</key>
			<string>LaunchScreen.xib</string>
			<key>sourceTree</key>
			<string>&lt;group&gt;</string>
		</dict>
		<key>41B1F6921A9B2228004D1063</key>
		<dict>
			<key>isa</key>
			<string>PBXFileReference</string>
			<key>lastKnownFileType</key>
			<string>file.xib</string>
			<key>name</key>
			<string>Base</string>
			<key>path</key>
			<string>Base.lproj/LaunchScreen.xib</string>
			<key>sourceTree</key>
			<string>&lt;group&gt;</string>
		</dict>
		<key>41B1F6931A9B2228004D1063</key>
		<dict>
			<key>fileRef</key>
			<string>41B1F6911A9B2228004D1063</string>
			<key>isa</key>
			<string>PBXBuildFile</string>
		</dict>
		<key>41B1F6941A9B2228004D1063</key>
		<dict>
			<key>buildActionMask</key>
			<string>2147483647</string>
			<key>files</key>
			<array>
				<string>41B1F69F1A9B2228004D1063</string>
			</array>
			<key>isa</key>
			<string>PBXSourcesBuildPhase</string>
			<key>runOnlyForDeploymentPostprocessing</key>
			<string>0</string>
		</dict>
		<key>41B1F6951A9B2228004D1063</key>
		<dict>
			<key>buildActionMask</key>
			<string>2147483647</string>
			<key>files</key>
			<array>
				<string>B3C156A884B3CDBF0AC36797</string>
			</array>
			<key>isa</key>
			<string>PBXFrameworksBuildPhase</string>
			<key>runOnlyForDeploymentPostprocessing</key>
			<string>0</string>
		</dict>
		<key>41B1F6961A9B2228004D1063</key>
		<dict>
			<key>buildActionMask</key>
			<string>2147483647</string>
			<key>files</key>
			<array/>
			<key>isa</key>
			<string>PBXResourcesBuildPhase</string>
			<key>runOnlyForDeploymentPostprocessing</key>
			<string>0</string>
		</dict>
		<key>41B1F6971A9B2228004D1063</key>
		<dict>
			<key>buildConfigurationList</key>
			<string>41B1F6A51A9B2228004D1063</string>
			<key>buildPhases</key>
			<array>
				<string>1E095AA881E62C1A62598943</string>
				<string>41B1F6941A9B2228004D1063</string>
				<string>41B1F6951A9B2228004D1063</string>
				<string>41B1F6961A9B2228004D1063</string>
				<string>ADF7C3F0953145660CC74E3B</string>
			</array>
			<key>buildRules</key>
			<array/>
			<key>dependencies</key>
			<array>
				<string>41B1F69A1A9B2228004D1063</string>
			</array>
			<key>isa</key>
			<string>PBXNativeTarget</string>
			<key>name</key>
			<string>CollectionViewCircleLayoutTests</string>
			<key>productName</key>
			<string>CollectionViewCircleLayoutTests</string>
			<key>productReference</key>
			<string>41B1F6981A9B2228004D1063</string>
			<key>productType</key>
			<string>com.apple.product-type.bundle.unit-test</string>
		</dict>
		<key>41B1F6981A9B2228004D1063</key>
		<dict>
			<key>explicitFileType</key>
			<string>wrapper.cfbundle</string>
			<key>includeInIndex</key>
			<string>0</string>
			<key>isa</key>
			<string>PBXFileReference</string>
			<key>path</key>
			<string>CollectionViewCircleLayoutTests.xctest</string>
			<key>sourceTree</key>
			<string>BUILT_PRODUCTS_DIR</string>
		</dict>
		<key>41B1F6991A9B2228004D1063</key>
		<dict>
			<key>containerPortal</key>
			<string>41B1F6771A9B2227004D1063</string>
			<key>isa</key>
			<string>PBXContainerItemProxy</string>
			<key>proxyType</key>
			<string>1</string>
			<key>remoteGlobalIDString</key>
			<string>41B1F67E1A9B2227004D1063</string>
			<key>remoteInfo</key>
			<string>CollectionViewCircleLayout</string>
		</dict>
		<key>41B1F69A1A9B2228004D1063</key>
		<dict>
			<key>isa</key>
			<string>PBXTargetDependency</string>
			<key>target</key>
			<string>41B1F67E1A9B2227004D1063</string>
			<key>targetProxy</key>
			<string>41B1F6991A9B2228004D1063</string>
		</dict>
		<key>41B1F69B1A9B2228004D1063</key>
		<dict>
			<key>children</key>
			<array>
				<string>41B1F69E1A9B2228004D1063</string>
				<string>41B1F69C1A9B2228004D1063</string>
			</array>
			<key>isa</key>
			<string>PBXGroup</string>
			<key>path</key>
			<string>CollectionViewCircleLayoutTests</string>
			<key>sourceTree</key>
			<string>&lt;group&gt;</string>
		</dict>
		<key>41B1F69C1A9B2228004D1063</key>
		<dict>
			<key>children</key>
			<array>
				<string>41B1F69D1A9B2228004D1063</string>
			</array>
			<key>isa</key>
			<string>PBXGroup</string>
			<key>name</key>
			<string>Supporting Files</string>
			<key>sourceTree</key>
			<string>&lt;group&gt;</string>
		</dict>
		<key>41B1F69D1A9B2228004D1063</key>
		<dict>
			<key>isa</key>
			<string>PBXFileReference</string>
			<key>lastKnownFileType</key>
			<string>text.plist.xml</string>
			<key>path</key>
			<string>Info.plist</string>
			<key>sourceTree</key>
			<string>&lt;group&gt;</string>
		</dict>
		<key>41B1F69E1A9B2228004D1063</key>
		<dict>
			<key>isa</key>
			<string>PBXFileReference</string>
			<key>lastKnownFileType</key>
			<string>sourcecode.c.objc</string>
			<key>path</key>
			<string>CollectionViewCircleLayoutTests.m</string>
			<key>sourceTree</key>
			<string>&lt;group&gt;</string>
		</dict>
		<key>41B1F69F1A9B2228004D1063</key>
		<dict>
			<key>fileRef</key>
			<string>41B1F69E1A9B2228004D1063</string>
			<key>isa</key>
			<string>PBXBuildFile</string>
		</dict>
		<key>41B1F6A01A9B2228004D1063</key>
		<dict>
			<key>buildSettings</key>
			<dict>
				<key>ALWAYS_SEARCH_USER_PATHS</key>
				<string>NO</string>
				<key>CLANG_CXX_LANGUAGE_STANDARD</key>
				<string>gnu++0x</string>
				<key>CLANG_CXX_LIBRARY</key>
				<string>libc++</string>
				<key>CLANG_ENABLE_MODULES</key>
				<string>YES</string>
				<key>CLANG_ENABLE_OBJC_ARC</key>
				<string>YES</string>
				<key>CLANG_WARN_BOOL_CONVERSION</key>
				<string>YES</string>
				<key>CLANG_WARN_CONSTANT_CONVERSION</key>
				<string>YES</string>
				<key>CLANG_WARN_DIRECT_OBJC_ISA_USAGE</key>
				<string>YES_ERROR</string>
				<key>CLANG_WARN_EMPTY_BODY</key>
				<string>YES</string>
				<key>CLANG_WARN_ENUM_CONVERSION</key>
				<string>YES</string>
				<key>CLANG_WARN_INT_CONVERSION</key>
				<string>YES</string>
				<key>CLANG_WARN_OBJC_ROOT_CLASS</key>
				<string>YES_ERROR</string>
				<key>CLANG_WARN_UNREACHABLE_CODE</key>
				<string>YES</string>
				<key>CLANG_WARN__DUPLICATE_METHOD_MATCH</key>
				<string>YES</string>
				<key>CODE_SIGN_IDENTITY[sdk=iphoneos*]</key>
				<string>iPhone Developer</string>
				<key>COPY_PHASE_STRIP</key>
				<string>NO</string>
				<key>ENABLE_STRICT_OBJC_MSGSEND</key>
				<string>YES</string>
				<key>GCC_C_LANGUAGE_STANDARD</key>
				<string>gnu99</string>
				<key>GCC_DYNAMIC_NO_PIC</key>
				<string>NO</string>
				<key>GCC_OPTIMIZATION_LEVEL</key>
				<string>0</string>
				<key>GCC_PREPROCESSOR_DEFINITIONS</key>
				<array>
					<string>DEBUG=1</string>
					<string>$(inherited)</string>
				</array>
				<key>GCC_SYMBOLS_PRIVATE_EXTERN</key>
				<string>NO</string>
				<key>GCC_WARN_64_TO_32_BIT_CONVERSION</key>
				<string>YES</string>
				<key>GCC_WARN_ABOUT_RETURN_TYPE</key>
				<string>YES_ERROR</string>
				<key>GCC_WARN_UNDECLARED_SELECTOR</key>
				<string>YES</string>
				<key>GCC_WARN_UNINITIALIZED_AUTOS</key>
				<string>YES_AGGRESSIVE</string>
				<key>GCC_WARN_UNUSED_FUNCTION</key>
				<string>YES</string>
				<key>GCC_WARN_UNUSED_VARIABLE</key>
				<string>YES</string>
				<key>IPHONEOS_DEPLOYMENT_TARGET</key>
				<string>8.1</string>
				<key>MTL_ENABLE_DEBUG_INFO</key>
				<string>YES</string>
				<key>ONLY_ACTIVE_ARCH</key>
				<string>YES</string>
				<key>SDKROOT</key>
				<string>iphoneos</string>
				<key>TARGETED_DEVICE_FAMILY</key>
				<string>1,2</string>
			</dict>
			<key>isa</key>
			<string>XCBuildConfiguration</string>
			<key>name</key>
			<string>Debug</string>
		</dict>
		<key>41B1F6A11A9B2228004D1063</key>
		<dict>
			<key>buildSettings</key>
			<dict>
				<key>ALWAYS_SEARCH_USER_PATHS</key>
				<string>NO</string>
				<key>CLANG_CXX_LANGUAGE_STANDARD</key>
				<string>gnu++0x</string>
				<key>CLANG_CXX_LIBRARY</key>
				<string>libc++</string>
				<key>CLANG_ENABLE_MODULES</key>
				<string>YES</string>
				<key>CLANG_ENABLE_OBJC_ARC</key>
				<string>YES</string>
				<key>CLANG_WARN_BOOL_CONVERSION</key>
				<string>YES</string>
				<key>CLANG_WARN_CONSTANT_CONVERSION</key>
				<string>YES</string>
				<key>CLANG_WARN_DIRECT_OBJC_ISA_USAGE</key>
				<string>YES_ERROR</string>
				<key>CLANG_WARN_EMPTY_BODY</key>
				<string>YES</string>
				<key>CLANG_WARN_ENUM_CONVERSION</key>
				<string>YES</string>
				<key>CLANG_WARN_INT_CONVERSION</key>
				<string>YES</string>
				<key>CLANG_WARN_OBJC_ROOT_CLASS</key>
				<string>YES_ERROR</string>
				<key>CLANG_WARN_UNREACHABLE_CODE</key>
				<string>YES</string>
				<key>CLANG_WARN__DUPLICATE_METHOD_MATCH</key>
				<string>YES</string>
				<key>CODE_SIGN_IDENTITY[sdk=iphoneos*]</key>
				<string>iPhone Developer</string>
				<key>COPY_PHASE_STRIP</key>
				<string>YES</string>
				<key>ENABLE_NS_ASSERTIONS</key>
				<string>NO</string>
				<key>ENABLE_STRICT_OBJC_MSGSEND</key>
				<string>YES</string>
				<key>GCC_C_LANGUAGE_STANDARD</key>
				<string>gnu99</string>
				<key>GCC_WARN_64_TO_32_BIT_CONVERSION</key>
				<string>YES</string>
				<key>GCC_WARN_ABOUT_RETURN_TYPE</key>
				<string>YES_ERROR</string>
				<key>GCC_WARN_UNDECLARED_SELECTOR</key>
				<string>YES</string>
				<key>GCC_WARN_UNINITIALIZED_AUTOS</key>
				<string>YES_AGGRESSIVE</string>
				<key>GCC_WARN_UNUSED_FUNCTION</key>
				<string>YES</string>
				<key>GCC_WARN_UNUSED_VARIABLE</key>
				<string>YES</string>
				<key>IPHONEOS_DEPLOYMENT_TARGET</key>
				<string>8.1</string>
				<key>MTL_ENABLE_DEBUG_INFO</key>
				<string>NO</string>
				<key>SDKROOT</key>
				<string>iphoneos</string>
				<key>TARGETED_DEVICE_FAMILY</key>
				<string>1,2</string>
				<key>VALIDATE_PRODUCT</key>
				<string>YES</string>
			</dict>
			<key>isa</key>
			<string>XCBuildConfiguration</string>
			<key>name</key>
			<string>Release</string>
		</dict>
		<key>41B1F6A21A9B2228004D1063</key>
		<dict>
			<key>buildConfigurations</key>
			<array>
				<string>41B1F6A31A9B2228004D1063</string>
				<string>41B1F6A41A9B2228004D1063</string>
			</array>
			<key>defaultConfigurationIsVisible</key>
			<string>0</string>
			<key>defaultConfigurationName</key>
			<string>Release</string>
			<key>isa</key>
			<string>XCConfigurationList</string>
		</dict>
		<key>41B1F6A31A9B2228004D1063</key>
		<dict>
			<key>buildSettings</key>
			<dict>
				<key>ASSETCATALOG_COMPILER_APPICON_NAME</key>
				<string>AppIcon</string>
				<key>INFOPLIST_FILE</key>
				<string>CollectionViewCircleLayout/Info.plist</string>
				<key>LD_RUNPATH_SEARCH_PATHS</key>
				<string>$(inherited) @executable_path/Frameworks</string>
				<key>PRODUCT_NAME</key>
				<string>$(TARGET_NAME)</string>
			</dict>
			<key>isa</key>
			<string>XCBuildConfiguration</string>
			<key>name</key>
			<string>Debug</string>
		</dict>
		<key>41B1F6A41A9B2228004D1063</key>
		<dict>
			<key>buildSettings</key>
			<dict>
				<key>ASSETCATALOG_COMPILER_APPICON_NAME</key>
				<string>AppIcon</string>
				<key>INFOPLIST_FILE</key>
				<string>CollectionViewCircleLayout/Info.plist</string>
				<key>LD_RUNPATH_SEARCH_PATHS</key>
				<string>$(inherited) @executable_path/Frameworks</string>
				<key>PRODUCT_NAME</key>
				<string>$(TARGET_NAME)</string>
			</dict>
			<key>isa</key>
			<string>XCBuildConfiguration</string>
			<key>name</key>
			<string>Release</string>
		</dict>
		<key>41B1F6A51A9B2228004D1063</key>
		<dict>
			<key>buildConfigurations</key>
			<array>
				<string>41B1F6A61A9B2228004D1063</string>
				<string>41B1F6A71A9B2228004D1063</string>
			</array>
			<key>defaultConfigurationIsVisible</key>
			<string>0</string>
			<key>defaultConfigurationName</key>
			<string>Release</string>
			<key>isa</key>
			<string>XCConfigurationList</string>
		</dict>
		<key>41B1F6A61A9B2228004D1063</key>
		<dict>
			<key>baseConfigurationReference</key>
			<string>504702BCD389B6250CE9EB5C</string>
			<key>buildSettings</key>
			<dict>
				<key>BUNDLE_LOADER</key>
				<string>$(TEST_HOST)</string>
				<key>FRAMEWORK_SEARCH_PATHS</key>
				<array>
					<string>$(SDKROOT)/Developer/Library/Frameworks</string>
					<string>$(inherited)</string>
				</array>
				<key>GCC_PREPROCESSOR_DEFINITIONS</key>
				<array>
					<string>DEBUG=1</string>
					<string>$(inherited)</string>
				</array>
				<key>INFOPLIST_FILE</key>
				<string>CollectionViewCircleLayoutTests/Info.plist</string>
				<key>LD_RUNPATH_SEARCH_PATHS</key>
				<string>$(inherited) @executable_path/Frameworks @loader_path/Frameworks</string>
				<key>PRODUCT_NAME</key>
				<string>$(TARGET_NAME)</string>
				<key>TEST_HOST</key>
				<string>$(BUILT_PRODUCTS_DIR)/CollectionViewCircleLayout.app/CollectionViewCircleLayout</string>
			</dict>
			<key>isa</key>
			<string>XCBuildConfiguration</string>
			<key>name</key>
			<string>Debug</string>
		</dict>
		<key>41B1F6A71A9B2228004D1063</key>
		<dict>
			<key>baseConfigurationReference</key>
			<string>A4197BB2CB62197635E5BC48</string>
			<key>buildSettings</key>
			<dict>
				<key>BUNDLE_LOADER</key>
				<string>$(TEST_HOST)</string>
				<key>FRAMEWORK_SEARCH_PATHS</key>
				<array>
					<string>$(SDKROOT)/Developer/Library/Frameworks</string>
					<string>$(inherited)</string>
				</array>
				<key>INFOPLIST_FILE</key>
				<string>CollectionViewCircleLayoutTests/Info.plist</string>
				<key>LD_RUNPATH_SEARCH_PATHS</key>
				<string>$(inherited) @executable_path/Frameworks @loader_path/Frameworks</string>
				<key>PRODUCT_NAME</key>
				<string>$(TARGET_NAME)</string>
				<key>TEST_HOST</key>
				<string>$(BUILT_PRODUCTS_DIR)/CollectionViewCircleLayout.app/CollectionViewCircleLayout</string>
			</dict>
			<key>isa</key>
			<string>XCBuildConfiguration</string>
			<key>name</key>
			<string>Release</string>
		</dict>
		<key>41B1F6A81A9B2268004D1063</key>
		<dict>
			<key>fileEncoding</key>
			<string>4</string>
			<key>isa</key>
			<string>PBXFileReference</string>
			<key>lastKnownFileType</key>
			<string>sourcecode.c.h</string>
			<key>path</key>
			<string>CollectionController.h</string>
			<key>sourceTree</key>
			<string>&lt;group&gt;</string>
		</dict>
		<key>41B1F6A91A9B2268004D1063</key>
		<dict>
			<key>fileEncoding</key>
			<string>4</string>
			<key>isa</key>
			<string>PBXFileReference</string>
			<key>lastKnownFileType</key>
			<string>sourcecode.c.objc</string>
			<key>path</key>
			<string>CollectionController.m</string>
			<key>sourceTree</key>
			<string>&lt;group&gt;</string>
		</dict>
		<key>41B1F6AA1A9B2268004D1063</key>
		<dict>
			<key>fileRef</key>
			<string>41B1F6A91A9B2268004D1063</string>
			<key>isa</key>
			<string>PBXBuildFile</string>
		</dict>
		<key>41B1F6AB1A9B22AF004D1063</key>
		<dict>
			<key>fileEncoding</key>
			<string>4</string>
			<key>isa</key>
			<string>PBXFileReference</string>
			<key>lastKnownFileType</key>
			<string>sourcecode.c.h</string>
			<key>path</key>
			<string>CollectionDataSource.h</string>
			<key>sourceTree</key>
			<string>&lt;group&gt;</string>
		</dict>
		<key>41B1F6AC1A9B22AF004D1063</key>
		<dict>
			<key>fileEncoding</key>
			<string>4</string>
			<key>isa</key>
			<string>PBXFileReference</string>
			<key>lastKnownFileType</key>
			<string>sourcecode.c.objc</string>
			<key>path</key>
			<string>CollectionDataSource.m</string>
			<key>sourceTree</key>
			<string>&lt;group&gt;</string>
		</dict>
		<key>41B1F6AD1A9B22AF004D1063</key>
		<dict>
			<key>fileRef</key>
			<string>41B1F6AC1A9B22AF004D1063</string>
			<key>isa</key>
			<string>PBXBuildFile</string>
		</dict>
		<key>41B1F6AE1A9B2360004D1063</key>
		<dict>
			<key>fileEncoding</key>
			<string>4</string>
			<key>isa</key>
			<string>PBXFileReference</string>
			<key>lastKnownFileType</key>
			<string>sourcecode.c.h</string>
			<key>path</key>
			<string>CollectionAlbumCell.h</string>
			<key>sourceTree</key>
			<string>&lt;group&gt;</string>
		</dict>
		<key>41B1F6AF1A9B2360004D1063</key>
		<dict>
			<key>fileEncoding</key>
			<string>4</string>
			<key>isa</key>
			<string>PBXFileReference</string>
			<key>lastKnownFileType</key>
			<string>sourcecode.c.objc</string>
			<key>path</key>
			<string>CollectionAlbumCell.m</string>
			<key>sourceTree</key>
			<string>&lt;group&gt;</string>
		</dict>
		<key>41B1F6B01A9B2360004D1063</key>
		<dict>
			<key>fileRef</key>
			<string>41B1F6AF1A9B2360004D1063</string>
			<key>isa</key>
			<string>PBXBuildFile</string>
		</dict>
		<key>41B1F6B41A9B2995004D1063</key>
		<dict>
			<key>fileEncoding</key>
			<string>4</string>
			<key>isa</key>
			<string>PBXFileReference</string>
			<key>lastKnownFileType</key>
			<string>sourcecode.c.h</string>
			<key>path</key>
			<string>CollectionAlbumLayout.h</string>
			<key>sourceTree</key>
			<string>&lt;group&gt;</string>
		</dict>
		<key>41B1F6B51A9B2995004D1063</key>
		<dict>
			<key>fileEncoding</key>
			<string>4</string>
			<key>isa</key>
			<string>PBXFileReference</string>
			<key>lastKnownFileType</key>
			<string>sourcecode.c.objc</string>
			<key>path</key>
			<string>CollectionAlbumLayout.m</string>
			<key>sourceTree</key>
			<string>&lt;group&gt;</string>
		</dict>
		<key>41B1F6B61A9B2995004D1063</key>
		<dict>
			<key>fileRef</key>
			<string>41B1F6B51A9B2995004D1063</string>
			<key>isa</key>
			<string>PBXBuildFile</string>
		</dict>
		<key>41B1F6B71A9B30FB004D1063</key>
		<dict>
			<key>children</key>
			<array>
				<string>41B1F6B81A9B3112004D1063</string>
				<string>41B1F6B91A9B3112004D1063</string>
				<string>41B1F6BA1A9B3112004D1063</string>
				<string>41B1F6BB1A9B3112004D1063</string>
				<string>41B1F6BC1A9B3112004D1063</string>
				<string>41B1F6BD1A9B3112004D1063</string>
				<string>41B1F6BE1A9B3112004D1063</string>
				<string>41B1F6BF1A9B3112004D1063</string>
				<string>41B1F6C01A9B3112004D1063</string>
				<string>41B1F6C11A9B3112004D1063</string>
				<string>41B1F6C21A9B3112004D1063</string>
				<string>41B1F6C31A9B3112004D1063</string>
				<string>41B1F6C41A9B3112004D1063</string>
				<string>41B1F6C51A9B3112004D1063</string>
				<string>41B1F6C61A9B3112004D1063</string>
				<string>41B1F6C71A9B3112004D1063</string>
				<string>41B1F6C81A9B3112004D1063</string>
				<string>41B1F6C91A9B3112004D1063</string>
				<string>41B1F6CA1A9B3112004D1063</string>
				<string>41B1F6CB1A9B3112004D1063</string>
			</array>
			<key>isa</key>
			<string>PBXGroup</string>
			<key>name</key>
			<string>Images</string>
			<key>sourceTree</key>
			<string>&lt;group&gt;</string>
		</dict>
		<key>41B1F6B81A9B3112004D1063</key>
		<dict>
			<key>isa</key>
			<string>PBXFileReference</string>
			<key>lastKnownFileType</key>
			<string>image.jpeg</string>
			<key>path</key>
			<string>1.jpg</string>
			<key>sourceTree</key>
			<string>&lt;group&gt;</string>
		</dict>
		<key>41B1F6B91A9B3112004D1063</key>
		<dict>
			<key>isa</key>
			<string>PBXFileReference</string>
			<key>lastKnownFileType</key>
			<string>image.jpeg</string>
			<key>path</key>
			<string>10.jpg</string>
			<key>sourceTree</key>
			<string>&lt;group&gt;</string>
		</dict>
		<key>41B1F6BA1A9B3112004D1063</key>
		<dict>
			<key>isa</key>
			<string>PBXFileReference</string>
			<key>lastKnownFileType</key>
			<string>image.jpeg</string>
			<key>path</key>
			<string>11.jpg</string>
			<key>sourceTree</key>
			<string>&lt;group&gt;</string>
		</dict>
		<key>41B1F6BB1A9B3112004D1063</key>
		<dict>
			<key>isa</key>
			<string>PBXFileReference</string>
			<key>lastKnownFileType</key>
			<string>image.jpeg</string>
			<key>path</key>
			<string>12.jpg</string>
			<key>sourceTree</key>
			<string>&lt;group&gt;</string>
		</dict>
		<key>41B1F6BC1A9B3112004D1063</key>
		<dict>
			<key>isa</key>
			<string>PBXFileReference</string>
			<key>lastKnownFileType</key>
			<string>image.jpeg</string>
			<key>path</key>
			<string>13.jpg</string>
			<key>sourceTree</key>
			<string>&lt;group&gt;</string>
		</dict>
		<key>41B1F6BD1A9B3112004D1063</key>
		<dict>
			<key>isa</key>
			<string>PBXFileReference</string>
			<key>lastKnownFileType</key>
			<string>image.jpeg</string>
			<key>path</key>
			<string>14.jpg</string>
			<key>sourceTree</key>
			<string>&lt;group&gt;</string>
		</dict>
		<key>41B1F6BE1A9B3112004D1063</key>
		<dict>
			<key>isa</key>
			<string>PBXFileReference</string>
			<key>lastKnownFileType</key>
			<string>image.jpeg</string>
			<key>path</key>
			<string>15.jpg</string>
			<key>sourceTree</key>
			<string>&lt;group&gt;</string>
		</dict>
		<key>41B1F6BF1A9B3112004D1063</key>
		<dict>
			<key>isa</key>
			<string>PBXFileReference</string>
			<key>lastKnownFileType</key>
			<string>image.jpeg</string>
			<key>path</key>
			<string>16.jpg</string>
			<key>sourceTree</key>
			<string>&lt;group&gt;</string>
		</dict>
		<key>41B1F6C01A9B3112004D1063</key>
		<dict>
			<key>isa</key>
			<string>PBXFileReference</string>
			<key>lastKnownFileType</key>
			<string>image.jpeg</string>
			<key>path</key>
			<string>17.jpg</string>
			<key>sourceTree</key>
			<string>&lt;group&gt;</string>
		</dict>
		<key>41B1F6C11A9B3112004D1063</key>
		<dict>
			<key>isa</key>
			<string>PBXFileReference</string>
			<key>lastKnownFileType</key>
			<string>image.jpeg</string>
			<key>path</key>
			<string>18.jpg</string>
			<key>sourceTree</key>
			<string>&lt;group&gt;</string>
		</dict>
		<key>41B1F6C21A9B3112004D1063</key>
		<dict>
			<key>isa</key>
			<string>PBXFileReference</string>
			<key>lastKnownFileType</key>
			<string>image.jpeg</string>
			<key>path</key>
			<string>19.jpg</string>
			<key>sourceTree</key>
			<string>&lt;group&gt;</string>
		</dict>
		<key>41B1F6C31A9B3112004D1063</key>
		<dict>
			<key>isa</key>
			<string>PBXFileReference</string>
			<key>lastKnownFileType</key>
			<string>image.jpeg</string>
			<key>path</key>
			<string>2.jpg</string>
			<key>sourceTree</key>
			<string>&lt;group&gt;</string>
		</dict>
		<key>41B1F6C41A9B3112004D1063</key>
		<dict>
			<key>isa</key>
			<string>PBXFileReference</string>
			<key>lastKnownFileType</key>
			<string>image.jpeg</string>
			<key>path</key>
			<string>20.jpg</string>
			<key>sourceTree</key>
			<string>&lt;group&gt;</string>
		</dict>
		<key>41B1F6C51A9B3112004D1063</key>
		<dict>
			<key>isa</key>
			<string>PBXFileReference</string>
			<key>lastKnownFileType</key>
			<string>image.jpeg</string>
			<key>path</key>
			<string>3.jpg</string>
			<key>sourceTree</key>
			<string>&lt;group&gt;</string>
		</dict>
		<key>41B1F6C61A9B3112004D1063</key>
		<dict>
			<key>isa</key>
			<string>PBXFileReference</string>
			<key>lastKnownFileType</key>
			<string>image.jpeg</string>
			<key>path</key>
			<string>4.jpg</string>
			<key>sourceTree</key>
			<string>&lt;group&gt;</string>
		</dict>
		<key>41B1F6C71A9B3112004D1063</key>
		<dict>
			<key>isa</key>
			<string>PBXFileReference</string>
			<key>lastKnownFileType</key>
			<string>image.jpeg</string>
			<key>path</key>
			<string>5.jpg</string>
			<key>sourceTree</key>
			<string>&lt;group&gt;</string>
		</dict>
		<key>41B1F6C81A9B3112004D1063</key>
		<dict>
			<key>isa</key>
			<string>PBXFileReference</string>
			<key>lastKnownFileType</key>
			<string>image.jpeg</string>
			<key>path</key>
			<string>6.jpg</string>
			<key>sourceTree</key>
			<string>&lt;group&gt;</string>
		</dict>
		<key>41B1F6C91A9B3112004D1063</key>
		<dict>
			<key>isa</key>
			<string>PBXFileReference</string>
			<key>lastKnownFileType</key>
			<string>image.jpeg</string>
			<key>path</key>
			<string>7.jpg</string>
			<key>sourceTree</key>
			<string>&lt;group&gt;</string>
		</dict>
		<key>41B1F6CA1A9B3112004D1063</key>
		<dict>
			<key>isa</key>
			<string>PBXFileReference</string>
			<key>lastKnownFileType</key>
			<string>image.jpeg</string>
			<key>path</key>
			<string>8.jpg</string>
			<key>sourceTree</key>
			<string>&lt;group&gt;</string>
		</dict>
		<key>41B1F6CB1A9B3112004D1063</key>
		<dict>
			<key>isa</key>
			<string>PBXFileReference</string>
			<key>lastKnownFileType</key>
			<string>image.jpeg</string>
			<key>path</key>
			<string>9.jpg</string>
			<key>sourceTree</key>
			<string>&lt;group&gt;</string>
		</dict>
		<key>41B1F6CC1A9B3112004D1063</key>
		<dict>
			<key>fileRef</key>
			<string>41B1F6B81A9B3112004D1063</string>
			<key>isa</key>
			<string>PBXBuildFile</string>
		</dict>
		<key>41B1F6CD1A9B3112004D1063</key>
		<dict>
			<key>fileRef</key>
			<string>41B1F6B91A9B3112004D1063</string>
			<key>isa</key>
			<string>PBXBuildFile</string>
		</dict>
		<key>41B1F6CE1A9B3112004D1063</key>
		<dict>
			<key>fileRef</key>
			<string>41B1F6BA1A9B3112004D1063</string>
			<key>isa</key>
			<string>PBXBuildFile</string>
		</dict>
		<key>41B1F6CF1A9B3112004D1063</key>
		<dict>
			<key>fileRef</key>
			<string>41B1F6BB1A9B3112004D1063</string>
			<key>isa</key>
			<string>PBXBuildFile</string>
		</dict>
		<key>41B1F6D01A9B3112004D1063</key>
		<dict>
			<key>fileRef</key>
			<string>41B1F6BC1A9B3112004D1063</string>
			<key>isa</key>
			<string>PBXBuildFile</string>
		</dict>
		<key>41B1F6D11A9B3112004D1063</key>
		<dict>
			<key>fileRef</key>
			<string>41B1F6BD1A9B3112004D1063</string>
			<key>isa</key>
			<string>PBXBuildFile</string>
		</dict>
		<key>41B1F6D21A9B3112004D1063</key>
		<dict>
			<key>fileRef</key>
			<string>41B1F6BE1A9B3112004D1063</string>
			<key>isa</key>
			<string>PBXBuildFile</string>
		</dict>
		<key>41B1F6D31A9B3112004D1063</key>
		<dict>
			<key>fileRef</key>
			<string>41B1F6BF1A9B3112004D1063</string>
			<key>isa</key>
			<string>PBXBuildFile</string>
		</dict>
		<key>41B1F6D41A9B3112004D1063</key>
		<dict>
			<key>fileRef</key>
			<string>41B1F6C01A9B3112004D1063</string>
			<key>isa</key>
			<string>PBXBuildFile</string>
		</dict>
		<key>41B1F6D51A9B3112004D1063</key>
		<dict>
			<key>fileRef</key>
			<string>41B1F6C11A9B3112004D1063</string>
			<key>isa</key>
			<string>PBXBuildFile</string>
		</dict>
		<key>41B1F6D61A9B3112004D1063</key>
		<dict>
			<key>fileRef</key>
			<string>41B1F6C21A9B3112004D1063</string>
			<key>isa</key>
			<string>PBXBuildFile</string>
		</dict>
		<key>41B1F6D71A9B3112004D1063</key>
		<dict>
			<key>fileRef</key>
			<string>41B1F6C31A9B3112004D1063</string>
			<key>isa</key>
			<string>PBXBuildFile</string>
		</dict>
		<key>41B1F6D81A9B3112004D1063</key>
		<dict>
			<key>fileRef</key>
			<string>41B1F6C41A9B3112004D1063</string>
			<key>isa</key>
			<string>PBXBuildFile</string>
		</dict>
		<key>41B1F6D91A9B3112004D1063</key>
		<dict>
			<key>fileRef</key>
			<string>41B1F6C51A9B3112004D1063</string>
			<key>isa</key>
			<string>PBXBuildFile</string>
		</dict>
		<key>41B1F6DA1A9B3112004D1063</key>
		<dict>
			<key>fileRef</key>
			<string>41B1F6C61A9B3112004D1063</string>
			<key>isa</key>
			<string>PBXBuildFile</string>
		</dict>
		<key>41B1F6DB1A9B3112004D1063</key>
		<dict>
			<key>fileRef</key>
			<string>41B1F6C71A9B3112004D1063</string>
			<key>isa</key>
			<string>PBXBuildFile</string>
		</dict>
		<key>41B1F6DC1A9B3112004D1063</key>
		<dict>
			<key>fileRef</key>
			<string>41B1F6C81A9B3112004D1063</string>
			<key>isa</key>
			<string>PBXBuildFile</string>
		</dict>
		<key>41B1F6DD1A9B3112004D1063</key>
		<dict>
			<key>fileRef</key>
			<string>41B1F6C91A9B3112004D1063</string>
			<key>isa</key>
			<string>PBXBuildFile</string>
		</dict>
		<key>41B1F6DE1A9B3112004D1063</key>
		<dict>
			<key>fileRef</key>
			<string>41B1F6CA1A9B3112004D1063</string>
			<key>isa</key>
			<string>PBXBuildFile</string>
		</dict>
		<key>41B1F6DF1A9B3112004D1063</key>
		<dict>
			<key>fileRef</key>
			<string>41B1F6CB1A9B3112004D1063</string>
			<key>isa</key>
			<string>PBXBuildFile</string>
		</dict>
		<key>41B1F6E01A9C8CB9004D1063</key>
		<dict>
			<key>fileEncoding</key>
			<string>4</string>
			<key>isa</key>
			<string>PBXFileReference</string>
			<key>lastKnownFileType</key>
			<string>sourcecode.c.h</string>
			<key>path</key>
			<string>CollectionDecorationView.h</string>
			<key>sourceTree</key>
			<string>&lt;group&gt;</string>
		</dict>
		<key>41B1F6E11A9C8CB9004D1063</key>
		<dict>
			<key>fileEncoding</key>
			<string>4</string>
			<key>isa</key>
			<string>PBXFileReference</string>
			<key>lastKnownFileType</key>
			<string>sourcecode.c.objc</string>
			<key>path</key>
			<string>CollectionDecorationView.m</string>
			<key>sourceTree</key>
			<string>&lt;group&gt;</string>
		</dict>
		<key>41B1F6E21A9C8CB9004D1063</key>
		<dict>
			<key>fileRef</key>
			<string>41B1F6E11A9C8CB9004D1063</string>
			<key>isa</key>
			<string>PBXBuildFile</string>
		</dict>
		<key>504702BCD389B6250CE9EB5C</key>
		<dict>
			<key>includeInIndex</key>
			<string>1</string>
			<key>isa</key>
			<string>PBXFileReference</string>
			<key>lastKnownFileType</key>
			<string>text.xcconfig</string>
			<key>name</key>
			<string>Pods-CollectionViewCircleLayoutTests.debug.xcconfig</string>
			<key>path</key>
			<string>Pods/Target Support Files/Pods-CollectionViewCircleLayoutTests/Pods-CollectionViewCircleLayoutTests.debug.xcconfig</string>
			<key>sourceTree</key>
			<string>&lt;group&gt;</string>
		</dict>
		<key>9C0D5EA8FCA5EF5B4EE65DF6</key>
		<dict>
			<key>children</key>
			<array>
				<string>B26BF6856DF003BC5D9F7598</string>
			</array>
			<key>isa</key>
			<string>PBXGroup</string>
			<key>name</key>
			<string>Frameworks</string>
			<key>sourceTree</key>
			<string>&lt;group&gt;</string>
		</dict>
		<key>A4197BB2CB62197635E5BC48</key>
		<dict>
			<key>includeInIndex</key>
			<string>1</string>
			<key>isa</key>
			<string>PBXFileReference</string>
			<key>lastKnownFileType</key>
			<string>text.xcconfig</string>
			<key>name</key>
			<string>Pods-CollectionViewCircleLayoutTests.release.xcconfig</string>
			<key>path</key>
			<string>Pods/Target Support Files/Pods-CollectionViewCircleLayoutTests/Pods-CollectionViewCircleLayoutTests.release.xcconfig</string>
			<key>sourceTree</key>
			<string>&lt;group&gt;</string>
		</dict>
		<key>ADF7C3F0953145660CC74E3B</key>
		<dict>
			<key>buildActionMask</key>
			<string>2147483647</string>
			<key>files</key>
			<array/>
			<key>inputPaths</key>
			<array/>
			<key>isa</key>
			<string>PBXShellScriptBuildPhase</string>
			<key>name</key>
			<string>Copy Pods Resources</string>
			<key>outputPaths</key>
			<array/>
			<key>runOnlyForDeploymentPostprocessing</key>
			<string>0</string>
			<key>shellPath</key>
			<string>/bin/sh</string>
			<key>shellScript</key>
			<string>"${SRCROOT}/Pods/Target Support Files/Pods-CollectionViewCircleLayoutTests/Pods-CollectionViewCircleLayoutTests-resources.sh"
</string>
			<key>showEnvVarsInLog</key>
			<string>0</string>
		</dict>
		<key>B26BF6856DF003BC5D9F7598</key>
		<dict>
			<key>explicitFileType</key>
			<string>archive.ar</string>
			<key>includeInIndex</key>
			<string>0</string>
			<key>isa</key>
			<string>PBXFileReference</string>
			<key>path</key>
			<string>libPods-CollectionViewCircleLayoutTests.a</string>
			<key>sourceTree</key>
			<string>BUILT_PRODUCTS_DIR</string>
		</dict>
		<key>B3C156A884B3CDBF0AC36797</key>
		<dict>
			<key>fileRef</key>
			<string>B26BF6856DF003BC5D9F7598</string>
			<key>isa</key>
			<string>PBXBuildFile</string>
		</dict>
	</dict>
	<key>rootObject</key>
	<string>41B1F6771A9B2227004D1063</string>
</dict>
</plist>
